
Microsoft Visual Studio Solution File, Format Version 12.00
# Visual Studio Version 17
VisualStudioVersion = 17.14.36127.28
MinimumVisualStudioVersion = 10.0.40219.1
Project("{FAE04EC0-301F-11D3-BF4B-00C04F79EFBC}") = "AdaptareDemo.AppHost", "AdaptareDemo.AppHost\AdaptareDemo.AppHost.csproj", "{8398CF0C-24C9-41A5-9FC4-BE9A8DF9881A}"
EndProject
Project("{FAE04EC0-301F-11D3-BF4B-00C04F79EFBC}") = "AdaptareDemo.ServiceDefaults", "AdaptareDemo.ServiceDefaults\AdaptareDemo.ServiceDefaults.csproj", "{AEB4A086-CAE5-7E9D-2D3C-DF81278AB4DD}"
EndProject
Project("{FAE04EC0-301F-11D3-BF4B-00C04F79EFBC}") = "RabbitMQService", "RabbitMQService\RabbitMQService.csproj", "{4246E081-B186-1773-5111-332BAAF776AC}"
EndProject
Project("{FAE04EC0-301F-11D3-BF4B-00C04F79EFBC}") = "RabbitMQClient", "RabbitMQClient\RabbitMQClient.csproj", "{CB67F49A-84E3-F019-3C61-CB5B9B18F170}"
EndProject
Project("{FAE04EC0-301F-11D3-BF4B-00C04F79EFBC}") = "NatsService", "NatsService\NatsService.csproj", "{70E60CD6-EDA5-FF85-2047-9532760F790B}"
EndProject
Project("{FAE04EC0-301F-11D3-BF4B-00C04F79EFBC}") = "NatsClient", "NatsClient\NatsClient.csproj", "{26C2642D-6FC2-311F-F07A-19D7E9D106F3}"
EndProject
Global
	GlobalSection(SolutionConfigurationPlatforms) = preSolution
		Debug|Any CPU = Debug|Any CPU
		Release|Any CPU = Release|Any CPU
	EndGlobalSection
	GlobalSection(ProjectConfigurationPlatforms) = postSolution
		{8398CF0C-24C9-41A5-9FC4-BE9A8DF9881A}.Debug|Any CPU.ActiveCfg = Debug|Any CPU
		{8398CF0C-24C9-41A5-9FC4-BE9A8DF9881A}.Debug|Any CPU.Build.0 = Debug|Any CPU
		{8398CF0C-24C9-41A5-9FC4-BE9A8DF9881A}.Release|Any CPU.ActiveCfg = Release|Any CPU
		{8398CF0C-24C9-41A5-9FC4-BE9A8DF9881A}.Release|Any CPU.Build.0 = Release|Any CPU
		{AEB4A086-CAE5-7E9D-2D3C-DF81278AB4DD}.Debug|Any CPU.ActiveCfg = Debug|Any CPU
		{AEB4A086-CAE5-7E9D-2D3C-DF81278AB4DD}.Debug|Any CPU.Build.0 = Debug|Any CPU
		{AEB4A086-CAE5-7E9D-2D3C-DF81278AB4DD}.Release|Any CPU.ActiveCfg = Release|Any CPU
		{AEB4A086-CAE5-7E9D-2D3C-DF81278AB4DD}.Release|Any CPU.Build.0 = Release|Any CPU
		{4246E081-B186-1773-5111-332BAAF776AC}.Debug|Any CPU.ActiveCfg = Debug|Any CPU
		{4246E081-B186-1773-5111-332BAAF776AC}.Debug|Any CPU.Build.0 = Debug|Any CPU
		{4246E081-B186-1773-5111-332BAAF776AC}.Release|Any CPU.ActiveCfg = Release|Any CPU
		{4246E081-B186-1773-5111-332BAAF776AC}.Release|Any CPU.Build.0 = Release|Any CPU
		{CB67F49A-84E3-F019-3C61-CB5B9B18F170}.Debug|Any CPU.ActiveCfg = Debug|Any CPU
		{CB67F49A-84E3-F019-3C61-CB5B9B18F170}.Debug|Any CPU.Build.0 = Debug|Any CPU
		{CB67F49A-84E3-F019-3C61-CB5B9B18F170}.Release|Any CPU.ActiveCfg = Release|Any CPU
		{CB67F49A-84E3-F019-3C61-CB5B9B18F170}.Release|Any CPU.Build.0 = Release|Any CPU
		{70E60CD6-EDA5-FF85-2047-9532760F790B}.Debug|Any CPU.ActiveCfg = Debug|Any CPU
		{70E60CD6-EDA5-FF85-2047-9532760F790B}.Debug|Any CPU.Build.0 = Debug|Any CPU
		{70E60CD6-EDA5-FF85-2047-9532760F790B}.Release|Any CPU.ActiveCfg = Release|Any CPU
		{70E60CD6-EDA5-FF85-2047-9532760F790B}.Release|Any CPU.Build.0 = Release|Any CPU
		{26C2642D-6FC2-311F-F07A-19D7E9D106F3}.Debug|Any CPU.ActiveCfg = Debug|Any CPU
		{26C2642D-6FC2-311F-F07A-19D7E9D106F3}.Debug|Any CPU.Build.0 = Debug|Any CPU
		{26C2642D-6FC2-311F-F07A-19D7E9D106F3}.Release|Any CPU.ActiveCfg = Release|Any CPU
		{26C2642D-6FC2-311F-F07A-19D7E9D106F3}.Release|Any CPU.Build.0 = Release|Any CPU
	EndGlobalSection
	GlobalSection(SolutionProperties) = preSolution
		HideSolutionNode = FALSE
	EndGlobalSection
	GlobalSection(ExtensibilityGlobals) = postSolution
		SolutionGuid = {2FCDDC65-A411-4427-9CCA-C640166FE4DF}
	EndGlobalSection
EndGlobal
